
Microsoft Visual Studio Solution File, Format Version 12.00
# Visual Studio 14
VisualStudioVersion = 14.0.24720.0
MinimumVisualStudioVersion = 10.0.40219.1
Project("{FAE04EC0-301F-11D3-BF4B-00C04F79EFBC}") = "HelpPen.Client.Common", "HelpPen.Client.Common\HelpPen.Client.Common.csproj", "{855534F8-AD06-4536-BF40-C7739F93EEC5}"
EndProject
Project("{FAE04EC0-301F-11D3-BF4B-00C04F79EFBC}") = "HelpPen.Client.Windows", "HelpPen.Client.Windows\HelpPen.Client.Windows.csproj", "{253CA643-5020-400D-8E14-644593258DBD}"
EndProject
Project("{FAE04EC0-301F-11D3-BF4B-00C04F79EFBC}") = "HelpPen.Server", "HelpPen.Server\HelpPen.Server.csproj", "{96F373E8-95EB-4267-BBC2-7F5D26DE4B65}"
EndProject
Project("{2150E333-8FDC-42A3-9474-1A3956D46DE8}") = "certs", "certs", "{02E20E93-0A37-4234-AB9F-BE5F979C1B83}"
	ProjectSection(SolutionItems) = preProject
		certs\Create-Test-Cert.ps1 = certs\Create-Test-Cert.ps1
		certs\HelpPen.com.pfx = certs\HelpPen.com.pfx
	EndProjectSection
EndProject
Global
	GlobalSection(SolutionConfigurationPlatforms) = preSolution
		Debug|Any CPU = Debug|Any CPU
		Debug|ARM = Debug|ARM
		Debug|x64 = Debug|x64
		Debug|x86 = Debug|x86
		Release|Any CPU = Release|Any CPU
		Release|ARM = Release|ARM
		Release|x64 = Release|x64
		Release|x86 = Release|x86
	EndGlobalSection
	GlobalSection(ProjectConfigurationPlatforms) = postSolution
		{855534F8-AD06-4536-BF40-C7739F93EEC5}.Debug|Any CPU.ActiveCfg = Debug|Any CPU
		{855534F8-AD06-4536-BF40-C7739F93EEC5}.Debug|Any CPU.Build.0 = Debug|Any CPU
		{855534F8-AD06-4536-BF40-C7739F93EEC5}.Debug|ARM.ActiveCfg = Debug|ARM
		{855534F8-AD06-4536-BF40-C7739F93EEC5}.Debug|ARM.Build.0 = Debug|ARM
		{855534F8-AD06-4536-BF40-C7739F93EEC5}.Debug|x64.ActiveCfg = Debug|x64
		{855534F8-AD06-4536-BF40-C7739F93EEC5}.Debug|x64.Build.0 = Debug|x64
		{855534F8-AD06-4536-BF40-C7739F93EEC5}.Debug|x86.ActiveCfg = Debug|x86
		{855534F8-AD06-4536-BF40-C7739F93EEC5}.Debug|x86.Build.0 = Debug|x86
		{855534F8-AD06-4536-BF40-C7739F93EEC5}.Release|Any CPU.ActiveCfg = Release|Any CPU
		{855534F8-AD06-4536-BF40-C7739F93EEC5}.Release|Any CPU.Build.0 = Release|Any CPU
		{855534F8-AD06-4536-BF40-C7739F93EEC5}.Release|ARM.ActiveCfg = Release|ARM
		{855534F8-AD06-4536-BF40-C7739F93EEC5}.Release|ARM.Build.0 = Release|ARM
		{855534F8-AD06-4536-BF40-C7739F93EEC5}.Release|x64.ActiveCfg = Release|x64
		{855534F8-AD06-4536-BF40-C7739F93EEC5}.Release|x64.Build.0 = Release|x64
		{855534F8-AD06-4536-BF40-C7739F93EEC5}.Release|x86.ActiveCfg = Release|x86
		{855534F8-AD06-4536-BF40-C7739F93EEC5}.Release|x86.Build.0 = Release|x86
		{253CA643-5020-400D-8E14-644593258DBD}.Debug|Any CPU.ActiveCfg = Debug|x86
		{253CA643-5020-400D-8E14-644593258DBD}.Debug|ARM.ActiveCfg = Debug|ARM
		{253CA643-5020-400D-8E14-644593258DBD}.Debug|ARM.Build.0 = Debug|ARM
		{253CA643-5020-400D-8E14-644593258DBD}.Debug|ARM.Deploy.0 = Debug|ARM
		{253CA643-5020-400D-8E14-644593258DBD}.Debug|x64.ActiveCfg = Debug|x64
		{253CA643-5020-400D-8E14-644593258DBD}.Debug|x64.Build.0 = Debug|x64
		{253CA643-5020-400D-8E14-644593258DBD}.Debug|x64.Deploy.0 = Debug|x64
		{253CA643-5020-400D-8E14-644593258DBD}.Debug|x86.ActiveCfg = Debug|x86
		{253CA643-5020-400D-8E14-644593258DBD}.Debug|x86.Build.0 = Debug|x86
		{253CA643-5020-400D-8E14-644593258DBD}.Debug|x86.Deploy.0 = Debug|x86
		{253CA643-5020-400D-8E14-644593258DBD}.Release|Any CPU.ActiveCfg = Release|x86
		{253CA643-5020-400D-8E14-644593258DBD}.Release|ARM.ActiveCfg = Release|ARM
		{253CA643-5020-400D-8E14-644593258DBD}.Release|ARM.Build.0 = Release|ARM
		{253CA643-5020-400D-8E14-644593258DBD}.Release|ARM.Deploy.0 = Release|ARM
		{253CA643-5020-400D-8E14-644593258DBD}.Release|x64.ActiveCfg = Release|x64
		{253CA643-5020-400D-8E14-644593258DBD}.Release|x64.Build.0 = Release|x64
		{253CA643-5020-400D-8E14-644593258DBD}.Release|x64.Deploy.0 = Release|x64
		{253CA643-5020-400D-8E14-644593258DBD}.Release|x86.ActiveCfg = Release|x86
		{253CA643-5020-400D-8E14-644593258DBD}.Release|x86.Build.0 = Release|x86
		{253CA643-5020-400D-8E14-644593258DBD}.Release|x86.Deploy.0 = Release|x86
		{96F373E8-95EB-4267-BBC2-7F5D26DE4B65}.Debug|Any CPU.ActiveCfg = Debug|Any CPU
		{96F373E8-95EB-4267-BBC2-7F5D26DE4B65}.Debug|Any CPU.Build.0 = Debug|Any CPU
		{96F373E8-95EB-4267-BBC2-7F5D26DE4B65}.Debug|ARM.ActiveCfg = Debug|Any CPU
		{96F373E8-95EB-4267-BBC2-7F5D26DE4B65}.Debug|ARM.Build.0 = Debug|Any CPU
		{96F373E8-95EB-4267-BBC2-7F5D26DE4B65}.Debug|x64.ActiveCfg = Debug|Any CPU
		{96F373E8-95EB-4267-BBC2-7F5D26DE4B65}.Debug|x64.Build.0 = Debug|Any CPU
		{96F373E8-95EB-4267-BBC2-7F5D26DE4B65}.Debug|x86.ActiveCfg = Debug|Any CPU
		{96F373E8-95EB-4267-BBC2-7F5D26DE4B65}.Debug|x86.Build.0 = Debug|Any CPU
		{96F373E8-95EB-4267-BBC2-7F5D26DE4B65}.Release|Any CPU.ActiveCfg = Release|Any CPU
		{96F373E8-95EB-4267-BBC2-7F5D26DE4B65}.Release|Any CPU.Build.0 = Release|Any CPU
		{96F373E8-95EB-4267-BBC2-7F5D26DE4B65}.Release|ARM.ActiveCfg = Release|Any CPU
		{96F373E8-95EB-4267-BBC2-7F5D26DE4B65}.Release|ARM.Build.0 = Release|Any CPU
		{96F373E8-95EB-4267-BBC2-7F5D26DE4B65}.Release|x64.ActiveCfg = Release|Any CPU
		{96F373E8-95EB-4267-BBC2-7F5D26DE4B65}.Release|x64.Build.0 = Release|Any CPU
		{96F373E8-95EB-4267-BBC2-7F5D26DE4B65}.Release|x86.ActiveCfg = Release|Any CPU
		{96F373E8-95EB-4267-BBC2-7F5D26DE4B65}.Release|x86.Build.0 = Release|Any CPU
	EndGlobalSection
	GlobalSection(SolutionProperties) = preSolution
		HideSolutionNode = FALSE
	EndGlobalSection
EndGlobal
